
Microsoft Visual Studio Solution File, Format Version 12.00
# Visual Studio Version 17
VisualStudioVersion = 17.5.33502.453
MinimumVisualStudioVersion = 10.0.40219.1
Project("{8BC9CEB8-8B4A-11D0-8D11-00A0C91BC942}") = "Template", "Template\Template.vcxproj", "{9FDFEEFA-BA74-4E2B-8652-5C07FB2E52CA}"
EndProject
Global
	GlobalSection(SolutionConfigurationPlatforms) = preSolution
		Debug|x64 = Debug|x64
		Debug|x86 = Debug|x86
		Release|x64 = Release|x64
		Release|x86 = Release|x86
	EndGlobalSection
	GlobalSection(ProjectConfigurationPlatforms) = postSolution
		{9FDFEEFA-BA74-4E2B-8652-5C07FB2E52CA}.Debug|x64.ActiveCfg = Debug|x64
		{9FDFEEFA-BA74-4E2B-8652-5C07FB2E52CA}.Debug|x64.Build.0 = Debug|x64
		{9FDFEEFA-BA74-4E2B-8652-5C07FB2E52CA}.Debug|x86.ActiveCfg = Debug|Win32
		{9FDFEEFA-BA74-4E2B-8652-5C07FB2E52CA}.Debug|x86.Build.0 = Debug|Win32
		{9FDFEEFA-BA74-4E2B-8652-5C07FB2E52CA}.Release|x64.ActiveCfg = Release|x64
		{9FDFEEFA-BA74-4E2B-8652-5C07FB2E52CA}.Release|x64.Build.0 = Release|x64
		{9FDFEEFA-BA74-4E2B-8652-5C07FB2E52CA}.Release|x86.ActiveCfg = Release|Win32
		{9FDFEEFA-BA74-4E2B-8652-5C07FB2E52CA}.Release|x86.Build.0 = Release|Win32
	EndGlobalSection
	GlobalSection(SolutionProperties) = preSolution
		HideSolutionNode = FALSE
	EndGlobalSection
	GlobalSection(ExtensibilityGlobals) = postSolution
		SolutionGuid = {F436A242-09CB-4114-A9EF-1F8B9083B485}
	EndGlobalSection
EndGlobal
